Microsoft Visual Studio Solution File, Format Version 12.00
# Visual Studio Version 17
VisualStudioVersion = 17.5.2.0
MinimumVisualStudioVersion = 10.0.40219.1
Project("{FAE04EC0-301F-11D3-BF4B-00C04F79EFBC}") = "CyberKemet.Api", "CyberKemet.Api\CyberKemet.Api.csproj", "{42B5232E-4756-168C-B2B7-7146842CB0F4}"
EndProject
Project("{FAE04EC0-301F-11D3-BF4B-00C04F79EFBC}") = "CyberKemet.Application", "CyberKemet.Application\CyberKemet.Application.csproj", "{C1B0FB68-797F-2BD6-D2D3-39FAAA48269F}"
EndProject
Project("{FAE04EC0-301F-11D3-BF4B-00C04F79EFBC}") = "CyberKemet.Domain", "CyberKemet.Domain\CyberKemet.Domain.csproj", "{93ABD4A0-8D5A-1CFE-FCCB-64FAB83A7877}"
EndProject
Project("{FAE04EC0-301F-11D3-BF4B-00C04F79EFBC}") = "CyberKemet.Infrastructure", "CyberKemet.Infrastructure\CyberKemet.Infrastructure.csproj", "{E6D9CDDA-158B-79AA-F5E5-AD80A826FDE0}"
EndProject
Global
	GlobalSection(SolutionConfigurationPlatforms) = preSolution
		Debug|Any CPU = Debug|Any CPU
		Release|Any CPU = Release|Any CPU
	EndGlobalSection
	GlobalSection(ProjectConfigurationPlatforms) = postSolution
		{42B5232E-4756-168C-B2B7-7146842CB0F4}.Debug|Any CPU.ActiveCfg = Debug|Any CPU
		{42B5232E-4756-168C-B2B7-7146842CB0F4}.Debug|Any CPU.Build.0 = Debug|Any CPU
		{42B5232E-4756-168C-B2B7-7146842CB0F4}.Release|Any CPU.ActiveCfg = Release|Any CPU
		{42B5232E-4756-168C-B2B7-7146842CB0F4}.Release|Any CPU.Build.0 = Release|Any CPU
		{C1B0FB68-797F-2BD6-D2D3-39FAAA48269F}.Debug|Any CPU.ActiveCfg = Debug|Any CPU
		{C1B0FB68-797F-2BD6-D2D3-39FAAA48269F}.Debug|Any CPU.Build.0 = Debug|Any CPU
		{C1B0FB68-797F-2BD6-D2D3-39FAAA48269F}.Release|Any CPU.ActiveCfg = Release|Any CPU
		{C1B0FB68-797F-2BD6-D2D3-39FAAA48269F}.Release|Any CPU.Build.0 = Release|Any CPU
		{93ABD4A0-8D5A-1CFE-FCCB-64FAB83A7877}.Debug|Any CPU.ActiveCfg = Debug|Any CPU
		{93ABD4A0-8D5A-1CFE-FCCB-64FAB83A7877}.Debug|Any CPU.Build.0 = Debug|Any CPU
		{93ABD4A0-8D5A-1CFE-FCCB-64FAB83A7877}.Release|Any CPU.ActiveCfg = Release|Any CPU
		{93ABD4A0-8D5A-1CFE-FCCB-64FAB83A7877}.Release|Any CPU.Build.0 = Release|Any CPU
		{E6D9CDDA-158B-79AA-F5E5-AD80A826FDE0}.Debug|Any CPU.ActiveCfg = Debug|Any CPU
		{E6D9CDDA-158B-79AA-F5E5-AD80A826FDE0}.Debug|Any CPU.Build.0 = Debug|Any CPU
		{E6D9CDDA-158B-79AA-F5E5-AD80A826FDE0}.Release|Any CPU.ActiveCfg = Release|Any CPU
		{E6D9CDDA-158B-79AA-F5E5-AD80A826FDE0}.Release|Any CPU.Build.0 = Release|Any CPU
	EndGlobalSection
	GlobalSection(SolutionProperties) = preSolution
		HideSolutionNode = FALSE
	EndGlobalSection
	GlobalSection(ExtensibilityGlobals) = postSolution
		SolutionGuid = {2113E9AC-6AAA-4ED4-A768-9B54E575CDD1}
	EndGlobalSection
EndGlobal
